
Microsoft Visual Studio Solution File, Format Version 12.00
# Visual Studio Version 17
VisualStudioVersion = 17.1.32210.238
MinimumVisualStudioVersion = 10.0.40219.1
Project("{2150E333-8FDC-42A3-9474-1A3956D46DE8}") = "src", "src", "{553B0A69-052E-47A2-AA2C-DB48CF0605FC}"
EndProject
Project("{2150E333-8FDC-42A3-9474-1A3956D46DE8}") = "tests", "tests", "{EB3F9AEF-81BC-4256-860D-4823500CAE3B}"
EndProject
Project("{2150E333-8FDC-42A3-9474-1A3956D46DE8}") = "Applications", "Applications", "{813B2F74-50C5-44D8-85DE-01525087B0DB}"
EndProject
Project("{2150E333-8FDC-42A3-9474-1A3956D46DE8}") = "Domain", "Domain", "{F37D0C6D-6824-4B3A-958D-FB1E3892DFFC}"
EndProject
Project("{2150E333-8FDC-42A3-9474-1A3956D46DE8}") = "Infrastructure", "Infrastructure", "{987AC60B-796E-4A65-AA47-D1A5FBB077CF}"
EndProject
Project("{9A19103F-16F7-4668-BE54-9A1E7A4F7556}") = "Domain.Model", "src\Domain\Domain.Entities\Domain.Model.csproj", "{04282C8D-AC37-48BD-9486-6BA8146AE164}"
EndProject
Project("{9A19103F-16F7-4668-BE54-9A1E7A4F7556}") = "Domain.Interfaces", "src\Domain\Domain.Interfaces\Domain.Interfaces.csproj", "{99D50BF0-6C98-42F7-8552-4629DEF2909E}"
EndProject
Project("{9A19103F-16F7-4668-BE54-9A1E7A4F7556}") = "Domain.UseCases", "src\Domain\Domain.UseCases\Domain.UseCases.csproj", "{19E51AB4-E673-47A4-B767-72429EE6FB1C}"
EndProject
Project("{2150E333-8FDC-42A3-9474-1A3956D46DE8}") = "DrivenAdapters", "DrivenAdapters", "{ABCC5B78-A625-4692-8804-F0946D289795}"
EndProject
Project("{2150E333-8FDC-42A3-9474-1A3956D46DE8}") = "EntryPoints", "EntryPoints", "{548761E4-E8E1-4C21-994D-83913CF1FBA2}"
EndProject
Project("{2150E333-8FDC-42A3-9474-1A3956D46DE8}") = "Helpers", "Helpers", "{1315BEA8-CDF3-48C2-9A68-9D463DE253DE}"
EndProject
Project("{9A19103F-16F7-4668-BE54-9A1E7A4F7556}") = "DrivenAdapter.Sql", "src\Infrastructure\DrivenAdapters\DrivenAdapter.Sql\DrivenAdapter.Sql.csproj", "{755AF187-CBB7-4021-B910-DDB3C1C52EE4}"
EndProject
Project("{9A19103F-16F7-4668-BE54-9A1E7A4F7556}") = "DrivenAdapter.SendGrid", "src\Infrastructure\DrivenAdapters\DrivenAdapter.SendGrid\DrivenAdapter.SendGrid.csproj", "{F701FE83-4E4A-457D-8769-729B1A9D0179}"
EndProject
Project("{9A19103F-16F7-4668-BE54-9A1E7A4F7556}") = "DrivenAdapter.AzureStorage", "src\Infrastructure\DrivenAdapters\DrivenAdapter.AzureStorage\DrivenAdapter.AzureStorage.csproj", "{2431E0DA-76B8-4366-9FAF-7F2E4484056D}"
EndProject
Project("{9A19103F-16F7-4668-BE54-9A1E7A4F7556}") = "Helpers.Commons", "src\Infrastructure\Helpers\Helpers.Commons\Helpers.Commons.csproj", "{49C247C6-9025-4A2A-BA86-69CC3727491D}"
EndProject
Project("{9A19103F-16F7-4668-BE54-9A1E7A4F7556}") = "QueBoleta.AppService", "src\Applications\QueBoleta.AppService\QueBoleta.AppService.csproj", "{157D200E-2224-41EF-A80B-7CA57BBDDA93}"
EndProject
Project("{FAE04EC0-301F-11D3-BF4B-00C04F79EFBC}") = "EntryPoint.ReactiveWeb", "src\Infrastructure\EntryPoints\EntryPoint.ReactiveWeb\EntryPoint.ReactiveWeb.csproj", "{5A37F12A-315A-48F1-AA1F-EE13FCD0CA13}"
EndProject
Global
	GlobalSection(SolutionConfigurationPlatforms) = preSolution
		Debug|Any CPU = Debug|Any CPU
		Release|Any CPU = Release|Any CPU
	EndGlobalSection
	GlobalSection(ProjectConfigurationPlatforms) = postSolution
		{04282C8D-AC37-48BD-9486-6BA8146AE164}.Debug|Any CPU.ActiveCfg = Debug|Any CPU
		{04282C8D-AC37-48BD-9486-6BA8146AE164}.Debug|Any CPU.Build.0 = Debug|Any CPU
		{04282C8D-AC37-48BD-9486-6BA8146AE164}.Release|Any CPU.ActiveCfg = Release|Any CPU
		{04282C8D-AC37-48BD-9486-6BA8146AE164}.Release|Any CPU.Build.0 = Release|Any CPU
		{99D50BF0-6C98-42F7-8552-4629DEF2909E}.Debug|Any CPU.ActiveCfg = Debug|Any CPU
		{99D50BF0-6C98-42F7-8552-4629DEF2909E}.Debug|Any CPU.Build.0 = Debug|Any CPU
		{99D50BF0-6C98-42F7-8552-4629DEF2909E}.Release|Any CPU.ActiveCfg = Release|Any CPU
		{99D50BF0-6C98-42F7-8552-4629DEF2909E}.Release|Any CPU.Build.0 = Release|Any CPU
		{19E51AB4-E673-47A4-B767-72429EE6FB1C}.Debug|Any CPU.ActiveCfg = Debug|Any CPU
		{19E51AB4-E673-47A4-B767-72429EE6FB1C}.Debug|Any CPU.Build.0 = Debug|Any CPU
		{19E51AB4-E673-47A4-B767-72429EE6FB1C}.Release|Any CPU.ActiveCfg = Release|Any CPU
		{19E51AB4-E673-47A4-B767-72429EE6FB1C}.Release|Any CPU.Build.0 = Release|Any CPU
		{755AF187-CBB7-4021-B910-DDB3C1C52EE4}.Debug|Any CPU.ActiveCfg = Debug|Any CPU
		{755AF187-CBB7-4021-B910-DDB3C1C52EE4}.Debug|Any CPU.Build.0 = Debug|Any CPU
		{755AF187-CBB7-4021-B910-DDB3C1C52EE4}.Release|Any CPU.ActiveCfg = Release|Any CPU
		{755AF187-CBB7-4021-B910-DDB3C1C52EE4}.Release|Any CPU.Build.0 = Release|Any CPU
		{F701FE83-4E4A-457D-8769-729B1A9D0179}.Debug|Any CPU.ActiveCfg = Debug|Any CPU
		{F701FE83-4E4A-457D-8769-729B1A9D0179}.Debug|Any CPU.Build.0 = Debug|Any CPU
		{F701FE83-4E4A-457D-8769-729B1A9D0179}.Release|Any CPU.ActiveCfg = Release|Any CPU
		{F701FE83-4E4A-457D-8769-729B1A9D0179}.Release|Any CPU.Build.0 = Release|Any CPU
		{2431E0DA-76B8-4366-9FAF-7F2E4484056D}.Debug|Any CPU.ActiveCfg = Debug|Any CPU
		{2431E0DA-76B8-4366-9FAF-7F2E4484056D}.Debug|Any CPU.Build.0 = Debug|Any CPU
		{2431E0DA-76B8-4366-9FAF-7F2E4484056D}.Release|Any CPU.ActiveCfg = Release|Any CPU
		{2431E0DA-76B8-4366-9FAF-7F2E4484056D}.Release|Any CPU.Build.0 = Release|Any CPU
		{49C247C6-9025-4A2A-BA86-69CC3727491D}.Debug|Any CPU.ActiveCfg = Debug|Any CPU
		{49C247C6-9025-4A2A-BA86-69CC3727491D}.Debug|Any CPU.Build.0 = Debug|Any CPU
		{49C247C6-9025-4A2A-BA86-69CC3727491D}.Release|Any CPU.ActiveCfg = Release|Any CPU
		{49C247C6-9025-4A2A-BA86-69CC3727491D}.Release|Any CPU.Build.0 = Release|Any CPU
		{157D200E-2224-41EF-A80B-7CA57BBDDA93}.Debug|Any CPU.ActiveCfg = Debug|Any CPU
		{157D200E-2224-41EF-A80B-7CA57BBDDA93}.Debug|Any CPU.Build.0 = Debug|Any CPU
		{157D200E-2224-41EF-A80B-7CA57BBDDA93}.Release|Any CPU.ActiveCfg = Release|Any CPU
		{157D200E-2224-41EF-A80B-7CA57BBDDA93}.Release|Any CPU.Build.0 = Release|Any CPU
		{5A37F12A-315A-48F1-AA1F-EE13FCD0CA13}.Debug|Any CPU.ActiveCfg = Debug|Any CPU
		{5A37F12A-315A-48F1-AA1F-EE13FCD0CA13}.Debug|Any CPU.Build.0 = Debug|Any CPU
		{5A37F12A-315A-48F1-AA1F-EE13FCD0CA13}.Release|Any CPU.ActiveCfg = Release|Any CPU
		{5A37F12A-315A-48F1-AA1F-EE13FCD0CA13}.Release|Any CPU.Build.0 = Release|Any CPU
	EndGlobalSection
	GlobalSection(SolutionProperties) = preSolution
		HideSolutionNode = FALSE
	EndGlobalSection
	GlobalSection(NestedProjects) = preSolution
		{813B2F74-50C5-44D8-85DE-01525087B0DB} = {553B0A69-052E-47A2-AA2C-DB48CF0605FC}
		{F37D0C6D-6824-4B3A-958D-FB1E3892DFFC} = {553B0A69-052E-47A2-AA2C-DB48CF0605FC}
		{987AC60B-796E-4A65-AA47-D1A5FBB077CF} = {553B0A69-052E-47A2-AA2C-DB48CF0605FC}
		{04282C8D-AC37-48BD-9486-6BA8146AE164} = {F37D0C6D-6824-4B3A-958D-FB1E3892DFFC}
		{99D50BF0-6C98-42F7-8552-4629DEF2909E} = {F37D0C6D-6824-4B3A-958D-FB1E3892DFFC}
		{19E51AB4-E673-47A4-B767-72429EE6FB1C} = {F37D0C6D-6824-4B3A-958D-FB1E3892DFFC}
		{ABCC5B78-A625-4692-8804-F0946D289795} = {987AC60B-796E-4A65-AA47-D1A5FBB077CF}
		{548761E4-E8E1-4C21-994D-83913CF1FBA2} = {987AC60B-796E-4A65-AA47-D1A5FBB077CF}
		{1315BEA8-CDF3-48C2-9A68-9D463DE253DE} = {987AC60B-796E-4A65-AA47-D1A5FBB077CF}
		{755AF187-CBB7-4021-B910-DDB3C1C52EE4} = {ABCC5B78-A625-4692-8804-F0946D289795}
		{F701FE83-4E4A-457D-8769-729B1A9D0179} = {ABCC5B78-A625-4692-8804-F0946D289795}
		{2431E0DA-76B8-4366-9FAF-7F2E4484056D} = {ABCC5B78-A625-4692-8804-F0946D289795}
		{49C247C6-9025-4A2A-BA86-69CC3727491D} = {1315BEA8-CDF3-48C2-9A68-9D463DE253DE}
		{157D200E-2224-41EF-A80B-7CA57BBDDA93} = {813B2F74-50C5-44D8-85DE-01525087B0DB}
		{5A37F12A-315A-48F1-AA1F-EE13FCD0CA13} = {548761E4-E8E1-4C21-994D-83913CF1FBA2}
	EndGlobalSection
	GlobalSection(ExtensibilityGlobals) = postSolution
		SolutionGuid = {1B8CE9F1-6F0E-4E89-8DD9-EE6D411DB363}
	EndGlobalSection
EndGlobal
